
Microsoft Visual Studio Solution File, Format Version 12.00
# Visual Studio 2013
VisualStudioVersion = 12.0.40629.0
MinimumVisualStudioVersion = 10.0.40219.1
Project("{FAE04EC0-301F-11D3-BF4B-00C04F79EFBC}") = "Squib", "Squib\Squib.csproj", "{EC6D3F4F-0B2E-40A3-B07C-C04DB5EE35F4}"
EndProject
Project("{FAE04EC0-301F-11D3-BF4B-00C04F79EFBC}") = "Squib.Backoffice", "Squib.Backoffice\Squib.Backoffice.csproj", "{3D4B6677-8CEC-4ADA-96CB-933983F6167C}"
EndProject
Project("{FAE04EC0-301F-11D3-BF4B-00C04F79EFBC}") = "Squib.Data", "Squib.Data\Squib.Data.csproj", "{FCBB5CDF-70C4-4021-A508-DD99DF4227D1}"
EndProject
Global
	GlobalSection(SolutionConfigurationPlatforms) = preSolution
		Debug|Any CPU = Debug|Any CPU
		Release|Any CPU = Release|Any CPU
	EndGlobalSection
	GlobalSection(ProjectConfigurationPlatforms) = postSolution
		{EC6D3F4F-0B2E-40A3-B07C-C04DB5EE35F4}.Debug|Any CPU.ActiveCfg = Debug|Any CPU
		{EC6D3F4F-0B2E-40A3-B07C-C04DB5EE35F4}.Debug|Any CPU.Build.0 = Debug|Any CPU
		{EC6D3F4F-0B2E-40A3-B07C-C04DB5EE35F4}.Release|Any CPU.ActiveCfg = Release|Any CPU
		{EC6D3F4F-0B2E-40A3-B07C-C04DB5EE35F4}.Release|Any CPU.Build.0 = Release|Any CPU
		{3D4B6677-8CEC-4ADA-96CB-933983F6167C}.Debug|Any CPU.ActiveCfg = Debug|Any CPU
		{3D4B6677-8CEC-4ADA-96CB-933983F6167C}.Debug|Any CPU.Build.0 = Debug|Any CPU
		{3D4B6677-8CEC-4ADA-96CB-933983F6167C}.Release|Any CPU.ActiveCfg = Release|Any CPU
		{3D4B6677-8CEC-4ADA-96CB-933983F6167C}.Release|Any CPU.Build.0 = Release|Any CPU
		{FCBB5CDF-70C4-4021-A508-DD99DF4227D1}.Debug|Any CPU.ActiveCfg = Debug|Any CPU
		{FCBB5CDF-70C4-4021-A508-DD99DF4227D1}.Debug|Any CPU.Build.0 = Debug|Any CPU
		{FCBB5CDF-70C4-4021-A508-DD99DF4227D1}.Release|Any CPU.ActiveCfg = Release|Any CPU
		{FCBB5CDF-70C4-4021-A508-DD99DF4227D1}.Release|Any CPU.Build.0 = Release|Any CPU
	EndGlobalSection
	GlobalSection(SolutionProperties) = preSolution
		HideSolutionNode = FALSE
	EndGlobalSection
EndGlobal
